# THIS IS AN AUTOGENERATED FILE. DO NOT EDIT THIS FILE DIRECTLY.
# yarn lockfile v1


bluebird@^3.3.4:
  version "3.5.3"
  resolved "https://registry.yarnpkg.com/bluebird/-/bluebird-3.5.3.tgz#7d01c6f9616c9a51ab0f8c549a79dfe6ec33efa7"
  integrity sha512-/qKPUQlaW1OyR51WeCPBvRnAlnZFUJkCSG5HzGnuIqhgyJtF+T94lFnn33eiazjRm2LAHVy2guNnaq48X9SJuw==

maxcube2@^2.1.2:
  version "2.1.2"
  resolved "https://registry.yarnpkg.com/maxcube2/-/maxcube2-2.1.2.tgz#bc8854eb4c2968db8a44bf5e3b8fbae793c4af2a"
  integrity sha512-Xrsug7SKv+98pOtcgWmX1X8iJ2vpMAs074wjs8yFA6OhGB1/4KjiTLcew3OwAYuqMK1/qEj5PdsCO0e10NQxNA==
  dependencies:
    bluebird "^3.3.4"
    moment "^2.17.1"

maxcube@^1.0.6:
  version "1.0.6"
  resolved "https://registry.yarnpkg.com/maxcube/-/maxcube-1.0.6.tgz#8ad70fa175b77fc9d580205eb34175f774458a51"
  integrity sha1-itcPoXW3f8nVgCBes0F193RFilE=
  dependencies:
    bluebird "^3.3.4"
    moment "^2.17.1"

moment@^2.17.1:
  version "2.22.2"
  resolved "https://registry.yarnpkg.com/moment/-/moment-2.22.2.tgz#3c257f9839fc0e93ff53149632239eb90783ff66"
  integrity sha1-PCV/mDn8DpP/UxSWMiOeuQeD/2Y=
